
Microsoft Visual Studio Solution File, Format Version 12.00
# Visual Studio Version 17
VisualStudioVersion = 17.14.36623.8 d17.14
MinimumVisualStudioVersion = 10.0.40219.1
Project("{FAE04EC0-301F-11D3-BF4B-00C04F79EFBC}") = "WorkWithDocuments", "WorkWithDocuments\WorkWithDocuments.csproj", "{D0138D2F-2B63-46B3-A349-255D2484EC8A}"
EndProject
Global
	GlobalSection(SolutionConfigurationPlatforms) = preSolution
		Debug|Any CPU = Debug|Any CPU
		Release|Any CPU = Release|Any CPU
	EndGlobalSection
	GlobalSection(ProjectConfigurationPlatforms) = postSolution
		{D0138D2F-2B63-46B3-A349-255D2484EC8A}.Debug|Any CPU.ActiveCfg = Debug|Any CPU
		{D0138D2F-2B63-46B3-A349-255D2484EC8A}.Debug|Any CPU.Build.0 = Debug|Any CPU
		{D0138D2F-2B63-46B3-A349-255D2484EC8A}.Release|Any CPU.ActiveCfg = Release|Any CPU
		{D0138D2F-2B63-46B3-A349-255D2484EC8A}.Release|Any CPU.Build.0 = Release|Any CPU
	EndGlobalSection
	GlobalSection(SolutionProperties) = preSolution
		HideSolutionNode = FALSE
	EndGlobalSection
	GlobalSection(ExtensibilityGlobals) = postSolution
		SolutionGuid = {B73D0945-EA9A-4EE0-990D-1E2BD646F598}
	EndGlobalSection
EndGlobal
